
Microsoft Visual Studio Solution File, Format Version 12.00
# Visual Studio Version 17
VisualStudioVersion = 17.8.34525.116
MinimumVisualStudioVersion = 10.0.40219.1
Project("{FAE04EC0-301F-11D3-BF4B-00C04F79EFBC}") = "WinFormsApp1 - CPE262 Calculator Project", "WinFormsApp1 - CPE262 Calculator Project\WinFormsApp1 - CPE262 Calculator Project.csproj", "{2613C6A6-DA61-4BE0-B7DE-D478FCE8C731}"
EndProject
Global
	GlobalSection(SolutionConfigurationPlatforms) = preSolution
		Debug|Any CPU = Debug|Any CPU
		Release|Any CPU = Release|Any CPU
	EndGlobalSection
	GlobalSection(ProjectConfigurationPlatforms) = postSolution
		{2613C6A6-DA61-4BE0-B7DE-D478FCE8C731}.Debug|Any CPU.ActiveCfg = Debug|Any CPU
		{2613C6A6-DA61-4BE0-B7DE-D478FCE8C731}.Debug|Any CPU.Build.0 = Debug|Any CPU
		{2613C6A6-DA61-4BE0-B7DE-D478FCE8C731}.Release|Any CPU.ActiveCfg = Release|Any CPU
		{2613C6A6-DA61-4BE0-B7DE-D478FCE8C731}.Release|Any CPU.Build.0 = Release|Any CPU
	EndGlobalSection
	GlobalSection(SolutionProperties) = preSolution
		HideSolutionNode = FALSE
	EndGlobalSection
	GlobalSection(ExtensibilityGlobals) = postSolution
		SolutionGuid = {9C6097E9-66ED-4B85-9AD6-8F20D7526760}
	EndGlobalSection
EndGlobal
